
Microsoft Visual Studio Solution File, Format Version 10.00
# Visual Studio 2008
Project("{8BC9CEB8-8B4A-11D0-8D11-00A0C91BC942}") = "FocusSipAtl", "FocusSipAtl\FocusSipAtl.vcproj", "{4F6A2D00-F8DA-4304-ABAF-F8C5FF9C74C4}"
EndProject
Project("{8BC9CEB8-8B4A-11D0-8D11-00A0C91BC942}") = "libpjproject", "pjsip-apps\build\libpjproject.vcproj", "{23D7679C-764C-4E02-8B29-BB882CEEEFE2}"
EndProject
Global
	GlobalSection(SolutionConfigurationPlatforms) = preSolution
		Debug|Pocket PC 2003 (ARMV4) = Debug|Pocket PC 2003 (ARMV4)
		Debug|Smartphone 2003 (ARMV4) = Debug|Smartphone 2003 (ARMV4)
		Debug|Win32 = Debug|Win32
		Debug-Dynamic|Pocket PC 2003 (ARMV4) = Debug-Dynamic|Pocket PC 2003 (ARMV4)
		Debug-Dynamic|Smartphone 2003 (ARMV4) = Debug-Dynamic|Smartphone 2003 (ARMV4)
		Debug-Dynamic|Win32 = Debug-Dynamic|Win32
		Debug-Static|Pocket PC 2003 (ARMV4) = Debug-Static|Pocket PC 2003 (ARMV4)
		Debug-Static|Smartphone 2003 (ARMV4) = Debug-Static|Smartphone 2003 (ARMV4)
		Debug-Static|Win32 = Debug-Static|Win32
		Release MinDependency|Pocket PC 2003 (ARMV4) = Release MinDependency|Pocket PC 2003 (ARMV4)
		Release MinDependency|Smartphone 2003 (ARMV4) = Release MinDependency|Smartphone 2003 (ARMV4)
		Release MinDependency|Win32 = Release MinDependency|Win32
		Release MinSize|Pocket PC 2003 (ARMV4) = Release MinSize|Pocket PC 2003 (ARMV4)
		Release MinSize|Smartphone 2003 (ARMV4) = Release MinSize|Smartphone 2003 (ARMV4)
		Release MinSize|Win32 = Release MinSize|Win32
		Release|Pocket PC 2003 (ARMV4) = Release|Pocket PC 2003 (ARMV4)
		Release|Smartphone 2003 (ARMV4) = Release|Smartphone 2003 (ARMV4)
		Release|Win32 = Release|Win32
		Release-Dynamic|Pocket PC 2003 (ARMV4) = Release-Dynamic|Pocket PC 2003 (ARMV4)
		Release-Dynamic|Smartphone 2003 (ARMV4) = Release-Dynamic|Smartphone 2003 (ARMV4)
		Release-Dynamic|Win32 = Release-Dynamic|Win32
		Release-Static|Pocket PC 2003 (ARMV4) = Release-Static|Pocket PC 2003 (ARMV4)
		Release-Static|Smartphone 2003 (ARMV4) = Release-Static|Smartphone 2003 (ARMV4)
		Release-Static|Win32 = Release-Static|Win32
		Unicode Debug|Pocket PC 2003 (ARMV4) = Unicode Debug|Pocket PC 2003 (ARMV4)
		Unicode Debug|Smartphone 2003 (ARMV4) = Unicode Debug|Smartphone 2003 (ARMV4)
		Unicode Debug|Win32 = Unicode Debug|Win32
		Unicode Release MinDependency|Pocket PC 2003 (ARMV4) = Unicode Release MinDependency|Pocket PC 2003 (ARMV4)
		Unicode Release MinDependency|Smartphone 2003 (ARMV4) = Unicode Release MinDependency|Smartphone 2003 (ARMV4)
		Unicode Release MinDependency|Win32 = Unicode Release MinDependency|Win32
		Unicode Release MinSize|Pocket PC 2003 (ARMV4) = Unicode Release MinSize|Pocket PC 2003 (ARMV4)
		Unicode Release MinSize|Smartphone 2003 (ARMV4) = Unicode Release MinSize|Smartphone 2003 (ARMV4)
		Unicode Release MinSize|Win32 = Unicode Release MinSize|Win32
	EndGlobalSection
	GlobalSection(ProjectConfigurationPlatforms) = postSolution
		{4F6A2D00-F8DA-4304-ABAF-F8C5FF9C74C4}.Debug|Pocket PC 2003 (ARMV4).ActiveCfg = Debug|Win32
		{4F6A2D00-F8DA-4304-ABAF-F8C5FF9C74C4}.Debug|Smartphone 2003 (ARMV4).ActiveCfg = Debug|Win32
		{4F6A2D00-F8DA-4304-ABAF-F8C5FF9C74C4}.Debug|Win32.ActiveCfg = Debug|Win32
		{4F6A2D00-F8DA-4304-ABAF-F8C5FF9C74C4}.Debug|Win32.Build.0 = Debug|Win32
		{4F6A2D00-F8DA-4304-ABAF-F8C5FF9C74C4}.Debug-Dynamic|Pocket PC 2003 (ARMV4).ActiveCfg = Debug|Win32
		{4F6A2D00-F8DA-4304-ABAF-F8C5FF9C74C4}.Debug-Dynamic|Smartphone 2003 (ARMV4).ActiveCfg = Debug|Win32
		{4F6A2D00-F8DA-4304-ABAF-F8C5FF9C74C4}.Debug-Dynamic|Win32.ActiveCfg = Debug|Win32
		{4F6A2D00-F8DA-4304-ABAF-F8C5FF9C74C4}.Debug-Dynamic|Win32.Build.0 = Debug|Win32
		{4F6A2D00-F8DA-4304-ABAF-F8C5FF9C74C4}.Debug-Static|Pocket PC 2003 (ARMV4).ActiveCfg = Debug|Win32
		{4F6A2D00-F8DA-4304-ABAF-F8C5FF9C74C4}.Debug-Static|Smartphone 2003 (ARMV4).ActiveCfg = Debug|Win32
		{4F6A2D00-F8DA-4304-ABAF-F8C5FF9C74C4}.Debug-Static|Win32.ActiveCfg = Debug|Win32
		{4F6A2D00-F8DA-4304-ABAF-F8C5FF9C74C4}.Debug-Static|Win32.Build.0 = Debug|Win32
		{4F6A2D00-F8DA-4304-ABAF-F8C5FF9C74C4}.Release MinDependency|Pocket PC 2003 (ARMV4).ActiveCfg = Release|Win32
		{4F6A2D00-F8DA-4304-ABAF-F8C5FF9C74C4}.Release MinDependency|Smartphone 2003 (ARMV4).ActiveCfg = Release|Win32
		{4F6A2D00-F8DA-4304-ABAF-F8C5FF9C74C4}.Release MinDependency|Win32.ActiveCfg = Release|Win32
		{4F6A2D00-F8DA-4304-ABAF-F8C5FF9C74C4}.Release MinDependency|Win32.Build.0 = Release|Win32
		{4F6A2D00-F8DA-4304-ABAF-F8C5FF9C74C4}.Release MinSize|Pocket PC 2003 (ARMV4).ActiveCfg = Release|Win32
		{4F6A2D00-F8DA-4304-ABAF-F8C5FF9C74C4}.Release MinSize|Smartphone 2003 (ARMV4).ActiveCfg = Release|Win32
		{4F6A2D00-F8DA-4304-ABAF-F8C5FF9C74C4}.Release MinSize|Win32.ActiveCfg = Release|Win32
		{4F6A2D00-F8DA-4304-ABAF-F8C5FF9C74C4}.Release MinSize|Win32.Build.0 = Release|Win32
		{4F6A2D00-F8DA-4304-ABAF-F8C5FF9C74C4}.Release|Pocket PC 2003 (ARMV4).ActiveCfg = Release|Win32
		{4F6A2D00-F8DA-4304-ABAF-F8C5FF9C74C4}.Release|Smartphone 2003 (ARMV4).ActiveCfg = Release|Win32
		{4F6A2D00-F8DA-4304-ABAF-F8C5FF9C74C4}.Release|Win32.ActiveCfg = Release|Win32
		{4F6A2D00-F8DA-4304-ABAF-F8C5FF9C74C4}.Release|Win32.Build.0 = Release|Win32
		{4F6A2D00-F8DA-4304-ABAF-F8C5FF9C74C4}.Release-Dynamic|Pocket PC 2003 (ARMV4).ActiveCfg = Release|Win32
		{4F6A2D00-F8DA-4304-ABAF-F8C5FF9C74C4}.Release-Dynamic|Smartphone 2003 (ARMV4).ActiveCfg = Release|Win32
		{4F6A2D00-F8DA-4304-ABAF-F8C5FF9C74C4}.Release-Dynamic|Win32.ActiveCfg = Release|Win32
		{4F6A2D00-F8DA-4304-ABAF-F8C5FF9C74C4}.Release-Dynamic|Win32.Build.0 = Release|Win32
		{4F6A2D00-F8DA-4304-ABAF-F8C5FF9C74C4}.Release-Static|Pocket PC 2003 (ARMV4).ActiveCfg = Release|Win32
		{4F6A2D00-F8DA-4304-ABAF-F8C5FF9C74C4}.Release-Static|Smartphone 2003 (ARMV4).ActiveCfg = Release|Win32
		{4F6A2D00-F8DA-4304-ABAF-F8C5FF9C74C4}.Release-Static|Win32.ActiveCfg = Release|Win32
		{4F6A2D00-F8DA-4304-ABAF-F8C5FF9C74C4}.Release-Static|Win32.Build.0 = Release|Win32
		{4F6A2D00-F8DA-4304-ABAF-F8C5FF9C74C4}.Unicode Debug|Pocket PC 2003 (ARMV4).ActiveCfg = Debug|Win32
		{4F6A2D00-F8DA-4304-ABAF-F8C5FF9C74C4}.Unicode Debug|Smartphone 2003 (ARMV4).ActiveCfg = Debug|Win32
		{4F6A2D00-F8DA-4304-ABAF-F8C5FF9C74C4}.Unicode Debug|Win32.ActiveCfg = Debug|Win32
		{4F6A2D00-F8DA-4304-ABAF-F8C5FF9C74C4}.Unicode Debug|Win32.Build.0 = Debug|Win32
		{4F6A2D00-F8DA-4304-ABAF-F8C5FF9C74C4}.Unicode Release MinDependency|Pocket PC 2003 (ARMV4).ActiveCfg = Release|Win32
		{4F6A2D00-F8DA-4304-ABAF-F8C5FF9C74C4}.Unicode Release MinDependency|Smartphone 2003 (ARMV4).ActiveCfg = Release|Win32
		{4F6A2D00-F8DA-4304-ABAF-F8C5FF9C74C4}.Unicode Release MinDependency|Win32.ActiveCfg = Release|Win32
		{4F6A2D00-F8DA-4304-ABAF-F8C5FF9C74C4}.Unicode Release MinDependency|Win32.Build.0 = Release|Win32
		{4F6A2D00-F8DA-4304-ABAF-F8C5FF9C74C4}.Unicode Release MinSize|Pocket PC 2003 (ARMV4).ActiveCfg = Release|Win32
		{4F6A2D00-F8DA-4304-ABAF-F8C5FF9C74C4}.Unicode Release MinSize|Smartphone 2003 (ARMV4).ActiveCfg = Release|Win32
		{4F6A2D00-F8DA-4304-ABAF-F8C5FF9C74C4}.Unicode Release MinSize|Win32.ActiveCfg = Release|Win32
		{4F6A2D00-F8DA-4304-ABAF-F8C5FF9C74C4}.Unicode Release MinSize|Win32.Build.0 = Release|Win32
		{23D7679C-764C-4E02-8B29-BB882CEEEFE2}.Debug|Pocket PC 2003 (ARMV4).ActiveCfg = Debug|Pocket PC 2003 (ARMV4)
		{23D7679C-764C-4E02-8B29-BB882CEEEFE2}.Debug|Pocket PC 2003 (ARMV4).Build.0 = Debug|Pocket PC 2003 (ARMV4)
		{23D7679C-764C-4E02-8B29-BB882CEEEFE2}.Debug|Pocket PC 2003 (ARMV4).Deploy.0 = Debug|Pocket PC 2003 (ARMV4)
		{23D7679C-764C-4E02-8B29-BB882CEEEFE2}.Debug|Smartphone 2003 (ARMV4).ActiveCfg = Debug|Smartphone 2003 (ARMV4)
		{23D7679C-764C-4E02-8B29-BB882CEEEFE2}.Debug|Smartphone 2003 (ARMV4).Build.0 = Debug|Smartphone 2003 (ARMV4)
		{23D7679C-764C-4E02-8B29-BB882CEEEFE2}.Debug|Smartphone 2003 (ARMV4).Deploy.0 = Debug|Smartphone 2003 (ARMV4)
		{23D7679C-764C-4E02-8B29-BB882CEEEFE2}.Debug|Win32.ActiveCfg = Debug|Win32
		{23D7679C-764C-4E02-8B29-BB882CEEEFE2}.Debug|Win32.Build.0 = Debug|Win32
		{23D7679C-764C-4E02-8B29-BB882CEEEFE2}.Debug-Dynamic|Pocket PC 2003 (ARMV4).ActiveCfg = Debug-Dynamic|Pocket PC 2003 (ARMV4)
		{23D7679C-764C-4E02-8B29-BB882CEEEFE2}.Debug-Dynamic|Pocket PC 2003 (ARMV4).Build.0 = Debug-Dynamic|Pocket PC 2003 (ARMV4)
		{23D7679C-764C-4E02-8B29-BB882CEEEFE2}.Debug-Dynamic|Pocket PC 2003 (ARMV4).Deploy.0 = Debug-Dynamic|Pocket PC 2003 (ARMV4)
		{23D7679C-764C-4E02-8B29-BB882CEEEFE2}.Debug-Dynamic|Smartphone 2003 (ARMV4).ActiveCfg = Debug-Dynamic|Smartphone 2003 (ARMV4)
		{23D7679C-764C-4E02-8B29-BB882CEEEFE2}.Debug-Dynamic|Smartphone 2003 (ARMV4).Build.0 = Debug-Dynamic|Smartphone 2003 (ARMV4)
		{23D7679C-764C-4E02-8B29-BB882CEEEFE2}.Debug-Dynamic|Smartphone 2003 (ARMV4).Deploy.0 = Debug-Dynamic|Smartphone 2003 (ARMV4)
		{23D7679C-764C-4E02-8B29-BB882CEEEFE2}.Debug-Dynamic|Win32.ActiveCfg = Debug-Dynamic|Win32
		{23D7679C-764C-4E02-8B29-BB882CEEEFE2}.Debug-Dynamic|Win32.Build.0 = Debug-Dynamic|Win32
		{23D7679C-764C-4E02-8B29-BB882CEEEFE2}.Debug-Static|Pocket PC 2003 (ARMV4).ActiveCfg = Debug-Static|Pocket PC 2003 (ARMV4)
		{23D7679C-764C-4E02-8B29-BB882CEEEFE2}.Debug-Static|Pocket PC 2003 (ARMV4).Build.0 = Debug-Static|Pocket PC 2003 (ARMV4)
		{23D7679C-764C-4E02-8B29-BB882CEEEFE2}.Debug-Static|Pocket PC 2003 (ARMV4).Deploy.0 = Debug-Static|Pocket PC 2003 (ARMV4)
		{23D7679C-764C-4E02-8B29-BB882CEEEFE2}.Debug-Static|Smartphone 2003 (ARMV4).ActiveCfg = Debug-Static|Smartphone 2003 (ARMV4)
		{23D7679C-764C-4E02-8B29-BB882CEEEFE2}.Debug-Static|Smartphone 2003 (ARMV4).Build.0 = Debug-Static|Smartphone 2003 (ARMV4)
		{23D7679C-764C-4E02-8B29-BB882CEEEFE2}.Debug-Static|Smartphone 2003 (ARMV4).Deploy.0 = Debug-Static|Smartphone 2003 (ARMV4)
		{23D7679C-764C-4E02-8B29-BB882CEEEFE2}.Debug-Static|Win32.ActiveCfg = Debug-Static|Win32
		{23D7679C-764C-4E02-8B29-BB882CEEEFE2}.Debug-Static|Win32.Build.0 = Debug-Static|Win32
		{23D7679C-764C-4E02-8B29-BB882CEEEFE2}.Release MinDependency|Pocket PC 2003 (ARMV4).ActiveCfg = Release-Static|Smartphone 2003 (ARMV4)
		{23D7679C-764C-4E02-8B29-BB882CEEEFE2}.Release MinDependency|Smartphone 2003 (ARMV4).ActiveCfg = Release-Static|Smartphone 2003 (ARMV4)
		{23D7679C-764C-4E02-8B29-BB882CEEEFE2}.Release MinDependency|Smartphone 2003 (ARMV4).Build.0 = Release-Static|Smartphone 2003 (ARMV4)
		{23D7679C-764C-4E02-8B29-BB882CEEEFE2}.Release MinDependency|Smartphone 2003 (ARMV4).Deploy.0 = Release-Static|Smartphone 2003 (ARMV4)
		{23D7679C-764C-4E02-8B29-BB882CEEEFE2}.Release MinDependency|Win32.ActiveCfg = Release-Static|Smartphone 2003 (ARMV4)
		{23D7679C-764C-4E02-8B29-BB882CEEEFE2}.Release MinSize|Pocket PC 2003 (ARMV4).ActiveCfg = Release-Static|Smartphone 2003 (ARMV4)
		{23D7679C-764C-4E02-8B29-BB882CEEEFE2}.Release MinSize|Smartphone 2003 (ARMV4).ActiveCfg = Release-Static|Smartphone 2003 (ARMV4)
		{23D7679C-764C-4E02-8B29-BB882CEEEFE2}.Release MinSize|Smartphone 2003 (ARMV4).Build.0 = Release-Static|Smartphone 2003 (ARMV4)
		{23D7679C-764C-4E02-8B29-BB882CEEEFE2}.Release MinSize|Smartphone 2003 (ARMV4).Deploy.0 = Release-Static|Smartphone 2003 (ARMV4)
		{23D7679C-764C-4E02-8B29-BB882CEEEFE2}.Release MinSize|Win32.ActiveCfg = Release-Static|Smartphone 2003 (ARMV4)
		{23D7679C-764C-4E02-8B29-BB882CEEEFE2}.Release|Pocket PC 2003 (ARMV4).ActiveCfg = Release|Pocket PC 2003 (ARMV4)
		{23D7679C-764C-4E02-8B29-BB882CEEEFE2}.Release|Pocket PC 2003 (ARMV4).Build.0 = Release|Pocket PC 2003 (ARMV4)
		{23D7679C-764C-4E02-8B29-BB882CEEEFE2}.Release|Pocket PC 2003 (ARMV4).Deploy.0 = Release|Pocket PC 2003 (ARMV4)
		{23D7679C-764C-4E02-8B29-BB882CEEEFE2}.Release|Smartphone 2003 (ARMV4).ActiveCfg = Release|Smartphone 2003 (ARMV4)
		{23D7679C-764C-4E02-8B29-BB882CEEEFE2}.Release|Smartphone 2003 (ARMV4).Build.0 = Release|Smartphone 2003 (ARMV4)
		{23D7679C-764C-4E02-8B29-BB882CEEEFE2}.Release|Smartphone 2003 (ARMV4).Deploy.0 = Release|Smartphone 2003 (ARMV4)
		{23D7679C-764C-4E02-8B29-BB882CEEEFE2}.Release|Win32.ActiveCfg = Release|Win32
		{23D7679C-764C-4E02-8B29-BB882CEEEFE2}.Release|Win32.Build.0 = Release|Win32
		{23D7679C-764C-4E02-8B29-BB882CEEEFE2}.Release-Dynamic|Pocket PC 2003 (ARMV4).ActiveCfg = Release-Dynamic|Pocket PC 2003 (ARMV4)
		{23D7679C-764C-4E02-8B29-BB882CEEEFE2}.Release-Dynamic|Pocket PC 2003 (ARMV4).Build.0 = Release-Dynamic|Pocket PC 2003 (ARMV4)
		{23D7679C-764C-4E02-8B29-BB882CEEEFE2}.Release-Dynamic|Pocket PC 2003 (ARMV4).Deploy.0 = Release-Dynamic|Pocket PC 2003 (ARMV4)
		{23D7679C-764C-4E02-8B29-BB882CEEEFE2}.Release-Dynamic|Smartphone 2003 (ARMV4).ActiveCfg = Release-Dynamic|Smartphone 2003 (ARMV4)
		{23D7679C-764C-4E02-8B29-BB882CEEEFE2}.Release-Dynamic|Smartphone 2003 (ARMV4).Build.0 = Release-Dynamic|Smartphone 2003 (ARMV4)
		{23D7679C-764C-4E02-8B29-BB882CEEEFE2}.Release-Dynamic|Smartphone 2003 (ARMV4).Deploy.0 = Release-Dynamic|Smartphone 2003 (ARMV4)
		{23D7679C-764C-4E02-8B29-BB882CEEEFE2}.Release-Dynamic|Win32.ActiveCfg = Release-Dynamic|Win32
		{23D7679C-764C-4E02-8B29-BB882CEEEFE2}.Release-Dynamic|Win32.Build.0 = Release-Dynamic|Win32
		{23D7679C-764C-4E02-8B29-BB882CEEEFE2}.Release-Static|Pocket PC 2003 (ARMV4).ActiveCfg = Release-Static|Pocket PC 2003 (ARMV4)
		{23D7679C-764C-4E02-8B29-BB882CEEEFE2}.Release-Static|Pocket PC 2003 (ARMV4).Build.0 = Release-Static|Pocket PC 2003 (ARMV4)
		{23D7679C-764C-4E02-8B29-BB882CEEEFE2}.Release-Static|Pocket PC 2003 (ARMV4).Deploy.0 = Release-Static|Pocket PC 2003 (ARMV4)
		{23D7679C-764C-4E02-8B29-BB882CEEEFE2}.Release-Static|Smartphone 2003 (ARMV4).ActiveCfg = Release-Static|Smartphone 2003 (ARMV4)
		{23D7679C-764C-4E02-8B29-BB882CEEEFE2}.Release-Static|Smartphone 2003 (ARMV4).Build.0 = Release-Static|Smartphone 2003 (ARMV4)
		{23D7679C-764C-4E02-8B29-BB882CEEEFE2}.Release-Static|Smartphone 2003 (ARMV4).Deploy.0 = Release-Static|Smartphone 2003 (ARMV4)
		{23D7679C-764C-4E02-8B29-BB882CEEEFE2}.Release-Static|Win32.ActiveCfg = Release-Static|Win32
		{23D7679C-764C-4E02-8B29-BB882CEEEFE2}.Release-Static|Win32.Build.0 = Release-Static|Win32
		{23D7679C-764C-4E02-8B29-BB882CEEEFE2}.Unicode Debug|Pocket PC 2003 (ARMV4).ActiveCfg = Debug|Pocket PC 2003 (ARMV4)
		{23D7679C-764C-4E02-8B29-BB882CEEEFE2}.Unicode Debug|Pocket PC 2003 (ARMV4).Build.0 = Debug|Pocket PC 2003 (ARMV4)
		{23D7679C-764C-4E02-8B29-BB882CEEEFE2}.Unicode Debug|Pocket PC 2003 (ARMV4).Deploy.0 = Debug|Pocket PC 2003 (ARMV4)
		{23D7679C-764C-4E02-8B29-BB882CEEEFE2}.Unicode Debug|Smartphone 2003 (ARMV4).ActiveCfg = Debug|Smartphone 2003 (ARMV4)
		{23D7679C-764C-4E02-8B29-BB882CEEEFE2}.Unicode Debug|Smartphone 2003 (ARMV4).Build.0 = Debug|Smartphone 2003 (ARMV4)
		{23D7679C-764C-4E02-8B29-BB882CEEEFE2}.Unicode Debug|Smartphone 2003 (ARMV4).Deploy.0 = Debug|Smartphone 2003 (ARMV4)
		{23D7679C-764C-4E02-8B29-BB882CEEEFE2}.Unicode Debug|Win32.ActiveCfg = Debug|Win32
		{23D7679C-764C-4E02-8B29-BB882CEEEFE2}.Unicode Debug|Win32.Build.0 = Debug|Win32
		{23D7679C-764C-4E02-8B29-BB882CEEEFE2}.Unicode Release MinDependency|Pocket PC 2003 (ARMV4).ActiveCfg = Release|Smartphone 2003 (ARMV4)
		{23D7679C-764C-4E02-8B29-BB882CEEEFE2}.Unicode Release MinDependency|Smartphone 2003 (ARMV4).ActiveCfg = Release|Smartphone 2003 (ARMV4)
		{23D7679C-764C-4E02-8B29-BB882CEEEFE2}.Unicode Release MinDependency|Smartphone 2003 (ARMV4).Build.0 = Release|Smartphone 2003 (ARMV4)
		{23D7679C-764C-4E02-8B29-BB882CEEEFE2}.Unicode Release MinDependency|Smartphone 2003 (ARMV4).Deploy.0 = Release|Smartphone 2003 (ARMV4)
		{23D7679C-764C-4E02-8B29-BB882CEEEFE2}.Unicode Release MinDependency|Win32.ActiveCfg = Release|Smartphone 2003 (ARMV4)
		{23D7679C-764C-4E02-8B29-BB882CEEEFE2}.Unicode Release MinSize|Pocket PC 2003 (ARMV4).ActiveCfg = Release|Smartphone 2003 (ARMV4)
		{23D7679C-764C-4E02-8B29-BB882CEEEFE2}.Unicode Release MinSize|Smartphone 2003 (ARMV4).ActiveCfg = Release|Smartphone 2003 (ARMV4)
		{23D7679C-764C-4E02-8B29-BB882CEEEFE2}.Unicode Release MinSize|Smartphone 2003 (ARMV4).Build.0 = Release|Smartphone 2003 (ARMV4)
		{23D7679C-764C-4E02-8B29-BB882CEEEFE2}.Unicode Release MinSize|Smartphone 2003 (ARMV4).Deploy.0 = Release|Smartphone 2003 (ARMV4)
		{23D7679C-764C-4E02-8B29-BB882CEEEFE2}.Unicode Release MinSize|Win32.ActiveCfg = Release|Smartphone 2003 (ARMV4)
	EndGlobalSection
	GlobalSection(SolutionProperties) = preSolution
		HideSolutionNode = FALSE
	EndGlobalSection
EndGlobal
